
Microsoft Visual Studio Solution File, Format Version 12.00
Project("{2150E333-8FDC-42A3-9474-1A3956D46DE8}") = "src", "src", "{C692D320-23A2-469C-85BC-896C67440D93}"
EndProject
Project("{FAE04EC0-301F-11D3-BF4B-00C04F79EFBC}") = "Fermat.DevCli.Shared", "src\Fermat.DevCli.Shared\Fermat.DevCli.Shared.csproj", "{DA0976D2-241B-4992-A185-23E5BB5F2AD2}"
EndProject
Project("{FAE04EC0-301F-11D3-BF4B-00C04F79EFBC}") = "Fermat.DevCli.App", "src\Fermat.DevCli.App\Fermat.DevCli.App.csproj", "{22C551FA-5A6C-4405-8643-F53E64F73640}"
EndProject
Project("{FAE04EC0-301F-11D3-BF4B-00C04F79EFBC}") = "Fermat.DevCli.Configuration", "src\Fermat.DevCli.Configuration\Fermat.DevCli.Configuration.csproj", "{6BA888BB-C9D7-4986-B3EA-8BF5AB553FB5}"
EndProject
Global
	GlobalSection(SolutionConfigurationPlatforms) = preSolution
		Debug|Any CPU = Debug|Any CPU
		Release|Any CPU = Release|Any CPU
	EndGlobalSection
	GlobalSection(NestedProjects) = preSolution
		{DA0976D2-241B-4992-A185-23E5BB5F2AD2} = {C692D320-23A2-469C-85BC-896C67440D93}
		{22C551FA-5A6C-4405-8643-F53E64F73640} = {C692D320-23A2-469C-85BC-896C67440D93}
		{6BA888BB-C9D7-4986-B3EA-8BF5AB553FB5} = {C692D320-23A2-469C-85BC-896C67440D93}
	EndGlobalSection
	GlobalSection(ProjectConfigurationPlatforms) = postSolution
		{DA0976D2-241B-4992-A185-23E5BB5F2AD2}.Debug|Any CPU.ActiveCfg = Debug|Any CPU
		{DA0976D2-241B-4992-A185-23E5BB5F2AD2}.Debug|Any CPU.Build.0 = Debug|Any CPU
		{DA0976D2-241B-4992-A185-23E5BB5F2AD2}.Release|Any CPU.ActiveCfg = Release|Any CPU
		{DA0976D2-241B-4992-A185-23E5BB5F2AD2}.Release|Any CPU.Build.0 = Release|Any CPU
		{22C551FA-5A6C-4405-8643-F53E64F73640}.Debug|Any CPU.ActiveCfg = Debug|Any CPU
		{22C551FA-5A6C-4405-8643-F53E64F73640}.Debug|Any CPU.Build.0 = Debug|Any CPU
		{22C551FA-5A6C-4405-8643-F53E64F73640}.Release|Any CPU.ActiveCfg = Release|Any CPU
		{22C551FA-5A6C-4405-8643-F53E64F73640}.Release|Any CPU.Build.0 = Release|Any CPU
		{6BA888BB-C9D7-4986-B3EA-8BF5AB553FB5}.Debug|Any CPU.ActiveCfg = Debug|Any CPU
		{6BA888BB-C9D7-4986-B3EA-8BF5AB553FB5}.Debug|Any CPU.Build.0 = Debug|Any CPU
		{6BA888BB-C9D7-4986-B3EA-8BF5AB553FB5}.Release|Any CPU.ActiveCfg = Release|Any CPU
		{6BA888BB-C9D7-4986-B3EA-8BF5AB553FB5}.Release|Any CPU.Build.0 = Release|Any CPU
	EndGlobalSection
EndGlobal
